<?xml version="1.0" encoding="utf-8"?>
<Project ToolsVersion="4.0" xmlns="http://schemas.microsoft.com/developer/msbuild/2003">
  <ItemGroup>
    <Filter Include="源文件">
      <UniqueIdentifier>{4FC737F1-C7A5-4376-A066-2A32D752A2FF}</UniqueIdentifier>
      <Extensions>cpp;c;cxx;def;odl;idl;hpj;bat;asm;asmx</Extensions>
    </Filter>
    <Filter Include="头文件">
      <UniqueIdentifier>{93995380-89BD-4b04-88EB-625FBE52EBFB}</UniqueIdentifier>
      <Extensions>h;hpp;hxx;hm;inl;inc;xsd</Extensions>
    </Filter>
    <Filter Include="资源文件">
      <UniqueIdentifier>{67DA6AB6-F800-4c08-8B7A-83BB121AAD01}</UniqueIdentifier>
      <Extensions>rc;ico;cur;bmp;dlg;rc2;rct;bin;rgs;gif;jpg;jpeg;jpe;resx</Extensions>
    </Filter>
    <Filter Include="rapidxml">
      <UniqueIdentifier>{b95d8833-cca7-430f-8e72-369dd05e0d72}</UniqueIdentifier>
    </Filter>
    <Filter Include="recorddb">
      <UniqueIdentifier>{6f6fa19e-212e-4e59-8afc-9eb46b813626}</UniqueIdentifier>
    </Filter>
  </ItemGroup>
  <ItemGroup>
    <ClCompile Include="fish_server.cpp">
      <Filter>源文件</Filter>
    </ClCompile>
    <ClCompile Include="game_config.cpp">
      <Filter>源文件</Filter>
    </ClCompile>
    <ClCompile Include="game_service_manager.cpp">
      <Filter>源文件</Filter>
    </ClCompile>
    <ClCompile Include="ServerMoveManage.cpp">
      <Filter>源文件</Filter>
    </ClCompile>
    <ClCompile Include="stdafx.cpp">
      <Filter>源文件</Filter>
    </ClCompile>
    <ClCompile Include="table_frame_sink.cpp">
      <Filter>源文件</Filter>
    </ClCompile>
    <ClCompile Include="WorkLogs.cpp">
      <Filter>源文件</Filter>
    </ClCompile>
    <ClCompile Include="DBAction.cpp">
      <Filter>recorddb</Filter>
    </ClCompile>
    <ClCompile Include="SQLiteWrapper.cpp">
      <Filter>recorddb</Filter>
    </ClCompile>
  </ItemGroup>
  <ItemGroup>
    <ClInclude Include="game_config.h">
      <Filter>头文件</Filter>
    </ClInclude>
    <ClInclude Include="game_service_manager.h">
      <Filter>头文件</Filter>
    </ClInclude>
    <ClInclude Include="Resource.h">
      <Filter>头文件</Filter>
    </ClInclude>
    <ClInclude Include="ServerMoveManage.h">
      <Filter>头文件</Filter>
    </ClInclude>
    <ClInclude Include="stdafx.h">
      <Filter>头文件</Filter>
    </ClInclude>
    <ClInclude Include="table_frame_sink.h">
      <Filter>头文件</Filter>
    </ClInclude>
    <ClInclude Include="WorkLogs.h">
      <Filter>头文件</Filter>
    </ClInclude>
    <ClInclude Include="xml\rapidxml.hpp">
      <Filter>rapidxml</Filter>
    </ClInclude>
    <ClInclude Include="xml\rapidxml_iterators.hpp">
      <Filter>rapidxml</Filter>
    </ClInclude>
    <ClInclude Include="xml\rapidxml_print.hpp">
      <Filter>rapidxml</Filter>
    </ClInclude>
    <ClInclude Include="xml\rapidxml_utils.hpp">
      <Filter>rapidxml</Filter>
    </ClInclude>
    <ClInclude Include="DBAction.h">
      <Filter>recorddb</Filter>
    </ClInclude>
    <ClInclude Include="SQLiteWrapper.h">
      <Filter>recorddb</Filter>
    </ClInclude>
    <ClInclude Include="..\command\CMD_Fish.h">
      <Filter>头文件</Filter>
    </ClInclude>
  </ItemGroup>
  <ItemGroup>
    <ResourceCompile Include="fish_server.rc">
      <Filter>资源文件</Filter>
    </ResourceCompile>
  </ItemGroup>
  <ItemGroup>
    <None Include="res\fish_server.rc2">
      <Filter>资源文件</Filter>
    </None>
  </ItemGroup>
</Project>